<Solution>
  <Project Path="src/C-TalentLens.Api/C-TalentLens.Api.csproj" />
  <Project Path="src/C-TalentLens.Domain/C-TalentLens.Domain.csproj" />
  <Project Path="src/C-TalentLens.Application/C-TalentLens.Application.csproj" />
  <Project Path="src/C-TalentLens.Infrastructure/C-TalentLens.Infrastructure.csproj" />
  <Project Path="tests/C-TalentLens.Tests/C-TalentLens.Tests.csproj" />
</Solution>
